{
    "_readme": [
        "This file locks the dependencies of your project to a known state",
        "Read more about it at https://getcomposer.org/doc/01-basic-usage.md#composer-lock-the-lock-file",
        "This file is @generated automatically"
    ],
    "hash": "e5db767d75afa028cd6c14cf18a84134",
    "packages": [
        {
            "name": "bower-asset/jquery",
            "version": "2.1.4",
            "source": {
                "type": "git",
                "url": "https://github.com/jquery/jquery.git",
                "reference": "7751e69b615c6eca6f783a81e292a55725af6b85"
            },
            "dist": {
                "type": "zip",
                "url": "https://api.github.com/repos/jquery/jquery/zipball/7751e69b615c6eca6f783a81e292a55725af6b85",
                "reference": "7751e69b615c6eca6f783a81e292a55725af6b85",
                "shasum": ""
            },
            "require-dev": {
                "bower-asset/qunit": "1.14.0",
                "bower-asset/requirejs": "2.1.10",
                "bower-asset/sinon": "1.8.1",
                "bower-asset/sizzle": "2.1.1-patch2"
            },
            "type": "bower-asset-library",
            "extra": {
                "bower-asset-main": "dist/jquery.js",
                "bower-asset-ignore": [
                    "**/.*",
                    "build",
                    "dist/cdn",
                    "speed",
                    "test",
                    "*.md",
                    "AUTHORS.txt",
                    "Gruntfile.js",
                    "package.json"
                ]
            },
            "license": [
                "MIT"
            ],
            "keywords": [
                "javascript",
                "jquery",
                "library"
            ]
        },
        {
            "name": "bower-asset/jquery.inputmask",
            "version": "3.1.63",
            "source": {
                "type": "git",
                "url": "https://github.com/RobinHerbots/jquery.inputmask.git",
                "reference": "c40c7287eadc31e341ebbf0c02352eb55b9cbc48"
            },
            "dist": {
                "type": "zip",
                "url": "https://api.github.com/repos/RobinHerbots/jquery.inputmask/zipball/c40c7287eadc31e341ebbf0c02352eb55b9cbc48",
                "reference": "c40c7287eadc31e341ebbf0c02352eb55b9cbc48",
                "shasum": ""
            },
            "require": {
                "bower-asset/jquery": ">=1.7"
            },
            "type": "bower-asset-library",
            "extra": {
                "bower-asset-main": [
                    "./dist/inputmask/jquery.inputmask.js",
                    "./dist/inputmask/jquery.inputmask.extensions.js",
                    "./dist/inputmask/jquery.inputmask.date.extensions.js",
                    "./dist/inputmask/jquery.inputmask.numeric.extensions.js",
                    "./dist/inputmask/jquery.inputmask.phone.extensions.js",
                    "./dist/inputmask/jquery.inputmask.regex.extensions.js"
                ],
                "bower-asset-ignore": [
                    "**/.*",
                    "qunit/",
                    "nuget/",
                    "tools/",
                    "js/",
                    "*.md",
                    "build.properties",
                    "build.xml",
                    "jquery.inputmask.jquery.json"
                ]
            },
            "license": [
                "http://opensource.org/licenses/mit-license.php"
            ],
            "description": "jquery.inputmask is a jquery plugin which create an input mask.",
            "keywords": [
                "form",
                "input",
                "inputmask",
                "jquery",
                "mask",
                "plugins"
            ]
        },
        {
            "name": "bower-asset/punycode",
            "version": "v1.3.2",
            "source": {
                "type": "git",
                "url": "https://github.com/bestiejs/punycode.js.git",
                "reference": "38c8d3131a82567bfef18da09f7f4db68c84f8a3"
            },
            "dist": {
                "type": "zip",
                "url": "https://api.github.com/repos/bestiejs/punycode.js/zipball/38c8d3131a82567bfef18da09f7f4db68c84f8a3",
                "reference": "38c8d3131a82567bfef18da09f7f4db68c84f8a3",
                "shasum": ""
            },
            "type": "bower-asset-library",
            "extra": {
                "bower-asset-main": "punycode.js",
                "bower-asset-ignore": [
                    "coverage",
                    "tests",
                    ".*",
                    "component.json",
                    "Gruntfile.js",
                    "node_modules",
                    "package.json"
                ]
            }
        },
        {
            "name": "bower-asset/yii2-pjax",
            "version": "v2.0.4",
            "source": {
                "type": "git",
                "url": "https://github.com/yiisoft/jquery-pjax.git",
                "reference": "3f20897307cca046fca5323b318475ae9dac0ca0"
            },
            "dist": {
                "type": "zip",
                "url": "https://api.github.com/repos/yiisoft/jquery-pjax/zipball/3f20897307cca046fca5323b318475ae9dac0ca0",
                "reference": "3f20897307cca046fca5323b318475ae9dac0ca0",
                "shasum": ""
            },
            "require": {
                "bower-asset/jquery": ">=1.8"
            },
            "type": "bower-asset-library",
            "extra": {
                "bower-asset-main": "./jquery.pjax.js",
                "bower-asset-ignore": [
                    ".travis.yml",
                    "Gemfile",
                    "Gemfile.lock",
                    "vendor/",
                    "script/",
                    "test/"
                ]
            },
            "license": [
                "MIT"
            ]
        },
        {
            "name": "cebe/markdown",
            "version": "1.1.0",
            "source": {
                "type": "git",
                "url": "https://github.com/cebe/markdown.git",
                "reference": "54a2c49de31cc44e864ebf0500a35ef21d0010b2"
            },
            "dist": {
                "type": "zip",
                "url": "https://api.github.com/repos/cebe/markdown/zipball/54a2c49de31cc44e864ebf0500a35ef21d0010b2",
                "reference": "54a2c49de31cc44e864ebf0500a35ef21d0010b2",
                "shasum": ""
            },
            "require": {
                "lib-pcre": "*",
                "php": ">=5.4.0"
            },
            "require-dev": {
                "cebe/indent": "*",
                "facebook/xhprof": "*@dev",
                "phpunit/phpunit": "4.1.*"
            },
            "bin": [
                "bin/markdown"
            ],
            "type": "library",
            "extra": {
                "branch-alias": {
                    "dev-master": "1.1.x-dev"
                }
            },
            "autoload": {
                "psr-4": {
                    "cebe\\markdown\\": ""
                }
            },
            "notification-url": "https://packagist.org/downloads/",
            "license": [
                "MIT"
            ],
            "authors": [
                {
                    "name": "Carsten Brandt",
                    "email": "mail@cebe.cc",
                    "homepage": "http://cebe.cc/",
                    "role": "Creator"
                }
            ],
            "description": "A super fast, highly extensible markdown parser for PHP",
            "homepage": "https://github.com/cebe/markdown#readme",
            "keywords": [
                "extensible",
                "fast",
                "gfm",
                "markdown",
                "markdown-extra"
            ],
            "time": "2015-03-06 05:28:07"
        },
        {
            "name": "cranetm/yii2-json-rpc-2.0",
            "version": "dev-master",
            "source": {
                "type": "git",
                "url": "https://github.com/cranetm/yii2-json-rpc-2.0.git",
                "reference": "035f7824ec9e707354bdade8aed94d3bb5c6305d"
            },
            "dist": {
                "type": "zip",
                "url": "https://api.github.com/repos/cranetm/yii2-json-rpc-2.0/zipball/035f7824ec9e707354bdade8aed94d3bb5c6305d",
                "reference": "035f7824ec9e707354bdade8aed94d3bb5c6305d",
                "shasum": ""
            },
            "require": {
                "php": ">=5.4.0",
                "yiisoft/yii2": "*"
            },
            "type": "library",
            "autoload": {
                "psr-0": {
                    "JsonRpc2": "/"
                }
            },
            "notification-url": "https://packagist.org/downloads/",
            "license": [
                "Apache-2.0"
            ],
            "authors": [
                {
                    "name": "tmudriy",
                    "email": "tmudriy@gmail.com"
                }
            ],
            "description": "JSON RPC 2.0 for Yii2 strict type validation of request and response data",
            "keywords": [
                "json",
                "json-rpc",
                "json-rpc-2.0",
                "json-rpc2",
                "jsonrpc",
                "jsonrpc2",
                "rpc",
                "rpc2",
                "yii",
                "yii2"
            ],
            "time": "2015-09-25 07:04:30"
        },
        {
            "name": "ezyang/htmlpurifier",
            "version": "v4.6.0",
            "source": {
                "type": "git",
                "url": "https://github.com/ezyang/htmlpurifier.git",
                "reference": "6f389f0f25b90d0b495308efcfa073981177f0fd"
            },
            "dist": {
                "type": "zip",
                "url": "https://api.github.com/repos/ezyang/htmlpurifier/zipball/6f389f0f25b90d0b495308efcfa073981177f0fd",
                "reference": "6f389f0f25b90d0b495308efcfa073981177f0fd",
                "shasum": ""
            },
            "require": {
                "php": ">=5.2"
            },
            "type": "library",
            "autoload": {
                "psr-0": {
                    "HTMLPurifier": "library/"
                },
                "files": [
                    "library/HTMLPurifier.composer.php"
                ]
            },
            "notification-url": "https://packagist.org/downloads/",
            "license": [
                "LGPL"
            ],
            "authors": [
                {
                    "name": "Edward Z. Yang",
                    "email": "admin@htmlpurifier.org",
                    "homepage": "http://ezyang.com"
                }
            ],
            "description": "Standards compliant HTML filter written in PHP",
            "homepage": "http://htmlpurifier.org/",
            "keywords": [
                "html"
            ],
            "time": "2013-11-30 08:25:19"
        },
        {
            "name": "namshi/jose",
            "version": "6.0.0",
            "source": {
                "type": "git",
                "url": "https://github.com/namshi/jose.git",
                "reference": "0b3af0762f2a399e7e91a66cfe54d12bd80805fe"
            },
            "dist": {
                "type": "zip",
                "url": "https://api.github.com/repos/namshi/jose/zipball/0b3af0762f2a399e7e91a66cfe54d12bd80805fe",
                "reference": "0b3af0762f2a399e7e91a66cfe54d12bd80805fe",
                "shasum": ""
            },
            "require": {
                "ext-date": "*",
                "ext-hash": "*",
                "ext-json": "*",
                "ext-openssl": "*",
                "ext-pcre": "*",
                "ext-spl": "*",
                "php": ">=5.4.8",
                "phpseclib/phpseclib": "~0.3"
            },
            "require-dev": {
                "phpunit/phpunit": "~4.5",
                "satooshi/php-coveralls": "dev-master"
            },
            "type": "library",
            "autoload": {
                "psr-0": {
                    "Namshi\\JOSE": "src/"
                }
            },
            "notification-url": "https://packagist.org/downloads/",
            "license": [
                "MIT"
            ],
            "authors": [
                {
                    "name": "Alessandro Nadalin",
                    "email": "alessandro.nadalin@gmail.com"
                }
            ],
            "description": "JSON Object Signing and Encryption library for PHP.",
            "keywords": [
                "JSON Web Signature",
                "JSON Web Token",
                "JWS",
                "json",
                "jwt",
                "token"
            ],
            "time": "2015-07-29 05:36:16"
        },
        {
            "name": "phpseclib/phpseclib",
            "version": "0.3.10",
            "source": {
                "type": "git",
                "url": "https://github.com/phpseclib/phpseclib.git",
                "reference": "d15bba1edcc7c89e09cc74c5d961317a8b947bf4"
            },
            "dist": {
                "type": "zip",
                "url": "https://api.github.com/repos/phpseclib/phpseclib/zipball/d15bba1edcc7c89e09cc74c5d961317a8b947bf4",
                "reference": "d15bba1edcc7c89e09cc74c5d961317a8b947bf4",
                "shasum": ""
            },
            "require": {
                "php": ">=5.0.0"
            },
            "require-dev": {
                "phing/phing": "~2.7",
                "phpunit/phpunit": "~4.0",
                "sami/sami": "~2.0",
                "squizlabs/php_codesniffer": "~1.5"
            },
            "suggest": {
                "ext-gmp": "Install the GMP (GNU Multiple Precision) extension in order to speed up arbitrary precision integer arithmetic operations.",
                "ext-mcrypt": "Install the Mcrypt extension in order to speed up a wide variety of cryptographic operations.",
                "pear-pear/PHP_Compat": "Install PHP_Compat to get phpseclib working on PHP < 4.3.3."
            },
            "type": "library",
            "extra": {
                "branch-alias": {
                    "dev-master": "0.3-dev"
                }
            },
            "autoload": {
                "psr-0": {
                    "Crypt": "phpseclib/",
                    "File": "phpseclib/",
                    "Math": "phpseclib/",
                    "Net": "phpseclib/",
                    "System": "phpseclib/"
                },
                "files": [
                    "phpseclib/Crypt/Random.php"
                ]
            },
            "notification-url": "https://packagist.org/downloads/",
            "include-path": [
                "phpseclib/"
            ],
            "license": [
                "MIT"
            ],
            "authors": [
                {
                    "name": "Jim Wigginton",
                    "email": "terrafrost@php.net",
                    "role": "Lead Developer"
                },
                {
                    "name": "Patrick Monnerat",
                    "email": "pm@datasphere.ch",
                    "role": "Developer"
                },
                {
                    "name": "Andreas Fischer",
                    "email": "bantu@phpbb.com",
                    "role": "Developer"
                },
                {
                    "name": "Hans-Jürgen Petrich",
                    "email": "petrich@tronic-media.com",
                    "role": "Developer"
                }
            ],
            "description": "PHP Secure Communications Library - Pure-PHP implementations of RSA, AES, SSH2, SFTP, X.509 etc.",
            "homepage": "http://phpseclib.sourceforge.net",
            "keywords": [
                "BigInteger",
                "aes",
                "asn.1",
                "asn1",
                "blowfish",
                "crypto",
                "cryptography",
                "encryption",
                "rsa",
                "security",
                "sftp",
                "signature",
                "signing",
                "ssh",
                "twofish",
                "x.509",
                "x509"
            ],
            "time": "2015-01-28 21:50:33"
        },
        {
            "name": "yiisoft/yii2",
            "version": "2.0.6",
            "source": {
                "type": "git",
                "url": "https://github.com/yiisoft/yii2-framework.git",
                "reference": "f42b2eb80f61992438661b01d0d74c6738e2ff38"
            },
            "dist": {
                "type": "zip",
                "url": "https://api.github.com/repos/yiisoft/yii2-framework/zipball/f42b2eb80f61992438661b01d0d74c6738e2ff38",
                "reference": "f42b2eb80f61992438661b01d0d74c6738e2ff38",
                "shasum": ""
            },
            "require": {
                "bower-asset/jquery": "2.1.*@stable | 1.11.*@stable",
                "bower-asset/jquery.inputmask": "3.1.*",
                "bower-asset/punycode": "1.3.*",
                "bower-asset/yii2-pjax": ">=2.0.1",
                "cebe/markdown": "~1.0.0 | ~1.1.0",
                "ext-mbstring": "*",
                "ezyang/htmlpurifier": "4.6.*",
                "lib-pcre": "*",
                "php": ">=5.4.0",
                "yiisoft/yii2-composer": "*"
            },
            "bin": [
                "yii"
            ],
            "type": "library",
            "extra": {
                "branch-alias": {
                    "dev-master": "2.0.x-dev"
                }
            },
            "autoload": {
                "psr-4": {
                    "yii\\": ""
                }
            },
            "notification-url": "https://packagist.org/downloads/",
            "license": [
                "BSD-3-Clause"
            ],
            "authors": [
                {
                    "name": "Qiang Xue",
                    "email": "qiang.xue@gmail.com",
                    "homepage": "http://www.yiiframework.com/",
                    "role": "Founder and project lead"
                },
                {
                    "name": "Alexander Makarov",
                    "email": "sam@rmcreative.ru",
                    "homepage": "http://rmcreative.ru/",
                    "role": "Core framework development"
                },
                {
                    "name": "Maurizio Domba",
                    "homepage": "http://mdomba.info/",
                    "role": "Core framework development"
                },
                {
                    "name": "Carsten Brandt",
                    "email": "mail@cebe.cc",
                    "homepage": "http://cebe.cc/",
                    "role": "Core framework development"
                },
                {
                    "name": "Timur Ruziev",
                    "email": "resurtm@gmail.com",
                    "homepage": "http://resurtm.com/",
                    "role": "Core framework development"
                },
                {
                    "name": "Paul Klimov",
                    "email": "klimov.paul@gmail.com",
                    "role": "Core framework development"
                }
            ],
            "description": "Yii PHP Framework Version 2",
            "homepage": "http://www.yiiframework.com/",
            "keywords": [
                "framework",
                "yii2"
            ],
            "time": "2015-08-05 22:00:30"
        },
        {
            "name": "yiisoft/yii2-composer",
            "version": "2.0.3",
            "source": {
                "type": "git",
                "url": "https://github.com/yiisoft/yii2-composer.git",
                "reference": "ca8d23707ae47d20b0454e4b135c156f6da6d7be"
            },
            "dist": {
                "type": "zip",
                "url": "https://api.github.com/repos/yiisoft/yii2-composer/zipball/ca8d23707ae47d20b0454e4b135c156f6da6d7be",
                "reference": "ca8d23707ae47d20b0454e4b135c156f6da6d7be",
                "shasum": ""
            },
            "require": {
                "composer-plugin-api": "1.0.0"
            },
            "type": "composer-plugin",
            "extra": {
                "class": "yii\\composer\\Plugin",
                "branch-alias": {
                    "dev-master": "2.0.x-dev"
                }
            },
            "autoload": {
                "psr-4": {
                    "yii\\composer\\": ""
                }
            },
            "notification-url": "https://packagist.org/downloads/",
            "license": [
                "BSD-3-Clause"
            ],
            "authors": [
                {
                    "name": "Qiang Xue",
                    "email": "qiang.xue@gmail.com"
                }
            ],
            "description": "The composer plugin for Yii extension installer",
            "keywords": [
                "composer",
                "extension installer",
                "yii2"
            ],
            "time": "2015-03-01 06:22:44"
        }
    ],
    "packages-dev": [],
    "aliases": [],
    "minimum-stability": "stable",
    "stability-flags": {
        "cranetm/yii2-json-rpc-2.0": 20
    },
    "prefer-stable": false,
    "prefer-lowest": false,
    "platform": {
        "php": ">=5.4.0"
    },
    "platform-dev": []
}
